// !$*UTF8*$!
{
	archiveVersion = 1;
	classes = {
	};
	objectVersion = 56;
	objects = {

/* Begin PBXBuildFile section */
		9A58E52C2B85CE1700338E0C /* AppDelegate.swift in Sources */ = {isa = PBXBuildFile; fileRef = 9A58E52B2B85CE1700338E0C /* AppDelegate.swift */; };
		9A58E52E2B85CE1700338E0C /* SceneDelegate.swift in Sources */ = {isa = PBXBuildFile; fileRef = 9A58E52D2B85CE1700338E0C /* SceneDelegate.swift */; };
		9A58E5302B85CE1700338E0C /* ViewController.swift in Sources */ = {isa = PBXBuildFile; fileRef = 9A58E52F2B85CE1700338E0C /* ViewController.swift */; };
		9A58E5332B85CE1700338E0C /* Main.storyboard in Resources */ = {isa = PBXBuildFile; fileRef = 9A58E5312B85CE1700338E0C /* Main.storyboard */; };
		9A58E5352B85CE1900338E0C /* Assets.xcassets in Resources */ = {isa = PBXBuildFile; fileRef = 9A58E5342B85CE1900338E0C /* Assets.xcassets */; };
		9A58E5382B85CE1900338E0C /* LaunchScreen.storyboard in Resources */ = {isa = PBXBuildFile; fileRef = 9A58E5362B85CE1900338E0C /* LaunchScreen.storyboard */; };
		9A58E5432B85CE1900338E0C /* SingletonAssignmentTests.swift in Sources */ = {isa = PBXBuildFile; fileRef = 9A58E5422B85CE1900338E0C /* SingletonAssignmentTests.swift */; };
		9A58E54D2B85CE1900338E0C /* SingletonAssignmentUITests.swift in Sources */ = {isa = PBXBuildFile; fileRef = 9A58E54C2B85CE1900338E0C /* SingletonAssignmentUITests.swift */; };
		9A58E54F2B85CE1900338E0C /* SingletonAssignmentUITestsLaunchTests.swift in Sources */ = {isa = PBXBuildFile; fileRef = 9A58E54E2B85CE1900338E0C /* SingletonAssignmentUITestsLaunchTests.swift */; };
		9A58E55C2B85CEB900338E0C /* Student.swift in Sources */ = {isa = PBXBuildFile; fileRef = 9A58E55B2B85CEB900338E0C /* Student.swift */; };
		9A58E55E2B85CF2800338E0C /* Professor.swift in Sources */ = {isa = PBXBuildFile; fileRef = 9A58E55D2B85CF2800338E0C /* Professor.swift */; };
		9A58E5612B85CFFC00338E0C /* College.swift in Sources */ = {isa = PBXBuildFile; fileRef = 9A58E5602B85CFFC00338E0C /* College.swift */; };
/* End PBXBuildFile section */

/* Begin PBXContainerItemProxy section */
		9A58E53F2B85CE1900338E0C /* PBXContainerItemProxy */ = {
			isa = PBXContainerItemProxy;
			containerPortal = 9A58E5202B85CE1700338E0C /* Project object */;
			proxyType = 1;
			remoteGlobalIDString = 9A58E5272B85CE1700338E0C;
			remoteInfo = SingletonAssignment;
		};
		9A58E5492B85CE1900338E0C /* PBXContainerItemProxy */ = {
			isa = PBXContainerItemProxy;
			containerPortal = 9A58E5202B85CE1700338E0C /* Project object */;
			proxyType = 1;
			remoteGlobalIDString = 9A58E5272B85CE1700338E0C;
			remoteInfo = SingletonAssignment;
		};
/* End PBXContainerItemProxy section */

/* Begin PBXFileReference section */
		9A58E5282B85CE1700338E0C /* SingletonAssignment.app */ = {isa = PBXFileReference; explicitFileType = wrapper.application; includeInIndex = 0; path = SingletonAssignment.app; sourceTree = BUILT_PRODUCTS_DIR; };
		9A58E52B2B85CE1700338E0C /* AppDelegate.swift */ = {isa = PBXFileReference; lastKnownFileType = sourcecode.swift; path = AppDelegate.swift; sourceTree = "<group>"; };
		9A58E52D2B85CE1700338E0C /* SceneDelegate.swift */ = {isa = PBXFileReference; lastKnownFileType = sourcecode.swift; path = SceneDelegate.swift; sourceTree = "<group>"; };
		9A58E52F2B85CE1700338E0C /* ViewController.swift */ = {isa = PBXFileReference; lastKnownFileType = sourcecode.swift; path = ViewController.swift; sourceTree = "<group>"; };
		9A58E5322B85CE1700338E0C /* Base */ = {isa = PBXFileReference; lastKnownFileType = file.storyboard; name = Base; path = Base.lproj/Main.storyboard; sourceTree = "<group>"; };
		9A58E5342B85CE1900338E0C /* Assets.xcassets */ = {isa = PBXFileReference; lastKnownFileType = folder.assetcatalog; path = Assets.xcassets; sourceTree = "<group>"; };
		9A58E5372B85CE1900338E0C /* Base */ = {isa = PBXFileReference; lastKnownFileType = file.storyboard; name = Base; path = Base.lproj/LaunchScreen.storyboard; sourceTree = "<group>"; };
		9A58E5392B85CE1900338E0C /* Info.plist */ = {isa = PBXFileReference; lastKnownFileType = text.plist.xml; path = Info.plist; sourceTree = "<group>"; };
		9A58E53E2B85CE1900338E0C /* SingletonAssignmentTests.xctest */ = {isa = PBXFileReference; explicitFileType = wrapper.cfbundle; includeInIndex = 0; path = SingletonAssignmentTests.xctest; sourceTree = BUILT_PRODUCTS_DIR; };
		9A58E5422B85CE1900338E0C /* SingletonAssignmentTests.swift */ = {isa = PBXFileReference; lastKnownFileType = sourcecode.swift; path = SingletonAssignmentTests.swift; sourceTree = "<group>"; };
		9A58E5482B85CE1900338E0C /* SingletonAssignmentUITests.xctest */ = {isa = PBXFileReference; explicitFileType = wrapper.cfbundle; includeInIndex = 0; path = SingletonAssignmentUITests.xctest; sourceTree = BUILT_PRODUCTS_DIR; };
		9A58E54C2B85CE1900338E0C /* SingletonAssignmentUITests.swift */ = {isa = PBXFileReference; lastKnownFileType = sourcecode.swift; path = SingletonAssignmentUITests.swift; sourceTree = "<group>"; };
		9A58E54E2B85CE1900338E0C /* SingletonAssignmentUITestsLaunchTests.swift */ = {isa = PBXFileReference; lastKnownFileType = sourcecode.swift; path = SingletonAssignmentUITestsLaunchTests.swift; sourceTree = "<group>"; };
		9A58E55B2B85CEB900338E0C /* Student.swift */ = {isa = PBXFileReference; lastKnownFileType = sourcecode.swift; path = Student.swift; sourceTree = "<group>"; };
		9A58E55D2B85CF2800338E0C /* Professor.swift */ = {isa = PBXFileReference; lastKnownFileType = sourcecode.swift; path = Professor.swift; sourceTree = "<group>"; };
		9A58E5602B85CFFC00338E0C /* College.swift */ = {isa = PBXFileReference; lastKnownFileType = sourcecode.swift; path = College.swift; sourceTree = "<group>"; };
/* End PBXFileReference section */

/* Begin PBXFrameworksBuildPhase section */
		9A58E5252B85CE1700338E0C /* Frameworks */ = {
			isa = PBXFrameworksBuildPhase;
			buildActionMask = 2147483647;
			files = (
			);
			runOnlyForDeploymentPostprocessing = 0;
		};
		9A58E53B2B85CE1900338E0C /* Frameworks */ = {
			isa = PBXFrameworksBuildPhase;
			buildActionMask = 2147483647;
			files = (
			);
			runOnlyForDeploymentPostprocessing = 0;
		};
		9A58E5452B85CE1900338E0C /* Frameworks */ = {
			isa = PBXFrameworksBuildPhase;
			buildActionMask = 2147483647;
			files = (
			);
			runOnlyForDeploymentPostprocessing = 0;
		};
/* End PBXFrameworksBuildPhase section */

/* Begin PBXGroup section */
		9A58E51F2B85CE1700338E0C = {
			isa = PBXGroup;
			children = (
				9A58E52A2B85CE1700338E0C /* SingletonAssignment */,
				9A58E5412B85CE1900338E0C /* SingletonAssignmentTests */,
				9A58E54B2B85CE1900338E0C /* SingletonAssignmentUITests */,
				9A58E5292B85CE1700338E0C /* Products */,
			);
			sourceTree = "<group>";
		};
		9A58E5292B85CE1700338E0C /* Products */ = {
			isa = PBXGroup;
			children = (
				9A58E5282B85CE1700338E0C /* SingletonAssignment.app */,
				9A58E53E2B85CE1900338E0C /* SingletonAssignmentTests.xctest */,
				9A58E5482B85CE1900338E0C /* SingletonAssignmentUITests.xctest */,
			);
			name = Products;
			sourceTree = "<group>";
		};
		9A58E52A2B85CE1700338E0C /* SingletonAssignment */ = {
			isa = PBXGroup;
			children = (
				9A58E55F2B85CF5600338E0C /* SingletonClass */,
				9A58E52B2B85CE1700338E0C /* AppDelegate.swift */,
				9A58E52D2B85CE1700338E0C /* SceneDelegate.swift */,
				9A58E52F2B85CE1700338E0C /* ViewController.swift */,
				9A58E5312B85CE1700338E0C /* Main.storyboard */,
				9A58E5342B85CE1900338E0C /* Assets.xcassets */,
				9A58E5362B85CE1900338E0C /* LaunchScreen.storyboard */,
				9A58E5392B85CE1900338E0C /* Info.plist */,
				9A58E55B2B85CEB900338E0C /* Student.swift */,
				9A58E55D2B85CF2800338E0C /* Professor.swift */,
			);
			path = SingletonAssignment;
			sourceTree = "<group>";
		};
		9A58E5412B85CE1900338E0C /* SingletonAssignmentTests */ = {
			isa = PBXGroup;
			children = (
				9A58E5422B85CE1900338E0C /* SingletonAssignmentTests.swift */,
			);
			path = SingletonAssignmentTests;
			sourceTree = "<group>";
		};
		9A58E54B2B85CE1900338E0C /* SingletonAssignmentUITests */ = {
			isa = PBXGroup;
			children = (
				9A58E54C2B85CE1900338E0C /* SingletonAssignmentUITests.swift */,
				9A58E54E2B85CE1900338E0C /* SingletonAssignmentUITestsLaunchTests.swift */,
			);
			path = SingletonAssignmentUITests;
			sourceTree = "<group>";
		};
		9A58E55F2B85CF5600338E0C /* SingletonClass */ = {
			isa = PBXGroup;
			children = (
				9A58E5602B85CFFC00338E0C /* College.swift */,
			);
			path = SingletonClass;
			sourceTree = "<group>";
		};
/* End PBXGroup section */

/* Begin PBXNativeTarget section */
		9A58E5272B85CE1700338E0C /* SingletonAssignment */ = {
			isa = PBXNativeTarget;
			buildConfigurationList = 9A58E5522B85CE1900338E0C /* Build configuration list for PBXNativeTarget "SingletonAssignment" */;
			buildPhases = (
				9A58E5242B85CE1700338E0C /* Sources */,
				9A58E5252B85CE1700338E0C /* Frameworks */,
				9A58E5262B85CE1700338E0C /* Resources */,
			);
			buildRules = (
			);
			dependencies = (
			);
			name = SingletonAssignment;
			productName = SingletonAssignment;
			productReference = 9A58E5282B85CE1700338E0C /* SingletonAssignment.app */;
			productType = "com.apple.product-type.application";
		};
		9A58E53D2B85CE1900338E0C /* SingletonAssignmentTests */ = {
			isa = PBXNativeTarget;
			buildConfigurationList = 9A58E5552B85CE1900338E0C /* Build configuration list for PBXNativeTarget "SingletonAssignmentTests" */;
			buildPhases = (
				9A58E53A2B85CE1900338E0C /* Sources */,
				9A58E53B2B85CE1900338E0C /* Frameworks */,
				9A58E53C2B85CE1900338E0C /* Resources */,
			);
			buildRules = (
			);
			dependencies = (
				9A58E5402B85CE1900338E0C /* PBXTargetDependency */,
			);
			name = SingletonAssignmentTests;
			productName = SingletonAssignmentTests;
			productReference = 9A58E53E2B85CE1900338E0C /* SingletonAssignmentTests.xctest */;
			productType = "com.apple.product-type.bundle.unit-test";
		};
		9A58E5472B85CE1900338E0C /* SingletonAssignmentUITests */ = {
			isa = PBXNativeTarget;
			buildConfigurationList = 9A58E5582B85CE1900338E0C /* Build configuration list for PBXNativeTarget "SingletonAssignmentUITests" */;
			buildPhases = (
				9A58E5442B85CE1900338E0C /* Sources */,
				9A58E5452B85CE1900338E0C /* Frameworks */,
				9A58E5462B85CE1900338E0C /* Resources */,
			);
			buildRules = (
			);
			dependencies = (
				9A58E54A2B85CE1900338E0C /* PBXTargetDependency */,
			);
			name = SingletonAssignmentUITests;
			productName = SingletonAssignmentUITests;
			productReference = 9A58E5482B85CE1900338E0C /* SingletonAssignmentUITests.xctest */;
			productType = "com.apple.product-type.bundle.ui-testing";
		};
/* End PBXNativeTarget section */

/* Begin PBXProject section */
		9A58E5202B85CE1700338E0C /* Project object */ = {
			isa = PBXProject;
			attributes = {
				BuildIndependentTargetsInParallel = 1;
				LastSwiftUpdateCheck = 1410;
				LastUpgradeCheck = 1410;
				TargetAttributes = {
					9A58E5272B85CE1700338E0C = {
						CreatedOnToolsVersion = 14.1;
					};
					9A58E53D2B85CE1900338E0C = {
						CreatedOnToolsVersion = 14.1;
						TestTargetID = 9A58E5272B85CE1700338E0C;
					};
					9A58E5472B85CE1900338E0C = {
						CreatedOnToolsVersion = 14.1;
						TestTargetID = 9A58E5272B85CE1700338E0C;
					};
				};
			};
			buildConfigurationList = 9A58E5232B85CE1700338E0C /* Build configuration list for PBXProject "SingletonAssignment" */;
			compatibilityVersion = "Xcode 14.0";
			developmentRegion = en;
			hasScannedForEncodings = 0;
			knownRegions = (
				en,
				Base,
			);
			mainGroup = 9A58E51F2B85CE1700338E0C;
			productRefGroup = 9A58E5292B85CE1700338E0C /* Products */;
			projectDirPath = "";
			projectRoot = "";
			targets = (
				9A58E5272B85CE1700338E0C /* SingletonAssignment */,
				9A58E53D2B85CE1900338E0C /* SingletonAssignmentTests */,
				9A58E5472B85CE1900338E0C /* SingletonAssignmentUITests */,
			);
		};
/* End PBXProject section */

/* Begin PBXResourcesBuildPhase section */
		9A58E5262B85CE1700338E0C /* Resources */ = {
			isa = PBXResourcesBuildPhase;
			buildActionMask = 2147483647;
			files = (
				9A58E5382B85CE1900338E0C /* LaunchScreen.storyboard in Resources */,
				9A58E5352B85CE1900338E0C /* Assets.xcassets in Resources */,
				9A58E5332B85CE1700338E0C /* Main.storyboard in Resources */,
			);
			runOnlyForDeploymentPostprocessing = 0;
		};
		9A58E53C2B85CE1900338E0C /* Resources */ = {
			isa = PBXResourcesBuildPhase;
			buildActionMask = 2147483647;
			files = (
			);
			runOnlyForDeploymentPostprocessing = 0;
		};
		9A58E5462B85CE1900338E0C /* Resources */ = {
			isa = PBXResourcesBuildPhase;
			buildActionMask = 2147483647;
			files = (
			);
			runOnlyForDeploymentPostprocessing = 0;
		};
/* End PBXResourcesBuildPhase section */

/* Begin PBXSourcesBuildPhase section */
		9A58E5242B85CE1700338E0C /* Sources */ = {
			isa = PBXSourcesBuildPhase;
			buildActionMask = 2147483647;
			files = (
				9A58E5302B85CE1700338E0C /* ViewController.swift in Sources */,
				9A58E52C2B85CE1700338E0C /* AppDelegate.swift in Sources */,
				9A58E55E2B85CF2800338E0C /* Professor.swift in Sources */,
				9A58E55C2B85CEB900338E0C /* Student.swift in Sources */,
				9A58E52E2B85CE1700338E0C /* SceneDelegate.swift in Sources */,
				9A58E5612B85CFFC00338E0C /* College.swift in Sources */,
			);
			runOnlyForDeploymentPostprocessing = 0;
		};
		9A58E53A2B85CE1900338E0C /* Sources */ = {
			isa = PBXSourcesBuildPhase;
			buildActionMask = 2147483647;
			files = (
				9A58E5432B85CE1900338E0C /* SingletonAssignmentTests.swift in Sources */,
			);
			runOnlyForDeploymentPostprocessing = 0;
		};
		9A58E5442B85CE1900338E0C /* Sources */ = {
			isa = PBXSourcesBuildPhase;
			buildActionMask = 2147483647;
			files = (
				9A58E54D2B85CE1900338E0C /* SingletonAssignmentUITests.swift in Sources */,
				9A58E54F2B85CE1900338E0C /* SingletonAssignmentUITestsLaunchTests.swift in Sources */,
			);
			runOnlyForDeploymentPostprocessing = 0;
		};
/* End PBXSourcesBuildPhase section */

/* Begin PBXTargetDependency section */
		9A58E5402B85CE1900338E0C /* PBXTargetDependency */ = {
			isa = PBXTargetDependency;
			target = 9A58E5272B85CE1700338E0C /* SingletonAssignment */;
			targetProxy = 9A58E53F2B85CE1900338E0C /* PBXContainerItemProxy */;
		};
		9A58E54A2B85CE1900338E0C /* PBXTargetDependency */ = {
			isa = PBXTargetDependency;
			target = 9A58E5272B85CE1700338E0C /* SingletonAssignment */;
			targetProxy = 9A58E5492B85CE1900338E0C /* PBXContainerItemProxy */;
		};
/* End PBXTargetDependency section */

/* Begin PBXVariantGroup section */
		9A58E5312B85CE1700338E0C /* Main.storyboard */ = {
			isa = PBXVariantGroup;
			children = (
				9A58E5322B85CE1700338E0C /* Base */,
			);
			name = Main.storyboard;
			sourceTree = "<group>";
		};
		9A58E5362B85CE1900338E0C /* LaunchScreen.storyboard */ = {
			isa = PBXVariantGroup;
			children = (
				9A58E5372B85CE1900338E0C /* Base */,
			);
			name = LaunchScreen.storyboard;
			sourceTree = "<group>";
		};
/* End PBXVariantGroup section */

/* Begin XCBuildConfiguration section */
		9A58E5502B85CE1900338E0C /* Debug */ = {
			isa = XCBuildConfiguration;
			buildSettings = {
				ALWAYS_SEARCH_USER_PATHS = NO;
				CLANG_ANALYZER_NONNULL = YES;
				CLANG_ANALYZER_NUMBER_OBJECT_CONVERSION = YES_AGGRESSIVE;
				CLANG_CXX_LANGUAGE_STANDARD = "gnu++20";
				CLANG_ENABLE_MODULES = YES;
				CLANG_ENABLE_OBJC_ARC = YES;
				CLANG_ENABLE_OBJC_WEAK = YES;
				CLANG_WARN_BLOCK_CAPTURE_AUTORELEASING = YES;
				CLANG_WARN_BOOL_CONVERSION = YES;
				CLANG_WARN_COMMA = YES;
				CLANG_WARN_CONSTANT_CONVERSION = YES;
				CLANG_WARN_DEPRECATED_OBJC_IMPLEMENTATIONS = YES;
				CLANG_WARN_DIRECT_OBJC_ISA_USAGE = YES_ERROR;
				CLANG_WARN_DOCUMENTATION_COMMENTS = YES;
				CLANG_WARN_EMPTY_BODY = YES;
				CLANG_WARN_ENUM_CONVERSION = YES;
				CLANG_WARN_INFINITE_RECURSION = YES;
				CLANG_WARN_INT_CONVERSION = YES;
				CLANG_WARN_NON_LITERAL_NULL_CONVERSION = YES;
				CLANG_WARN_OBJC_IMPLICIT_RETAIN_SELF = YES;
				CLANG_WARN_OBJC_LITERAL_CONVERSION = YES;
				CLANG_WARN_OBJC_ROOT_CLASS = YES_ERROR;
				CLANG_WARN_QUOTED_INCLUDE_IN_FRAMEWORK_HEADER = YES;
				CLANG_WARN_RANGE_LOOP_ANALYSIS = YES;
				CLANG_WARN_STRICT_PROTOTYPES = YES;
				CLANG_WARN_SUSPICIOUS_MOVE = YES;
				CLANG_WARN_UNGUARDED_AVAILABILITY = YES_AGGRESSIVE;
				CLANG_WARN_UNREACHABLE_CODE = YES;
				CLANG_WARN__DUPLICATE_METHOD_MATCH = YES;
				COPY_PHASE_STRIP = NO;
				DEBUG_INFORMATION_FORMAT = dwarf;
				ENABLE_STRICT_OBJC_MSGSEND = YES;
				ENABLE_TESTABILITY = YES;
				GCC_C_LANGUAGE_STANDARD = gnu11;
				GCC_DYNAMIC_NO_PIC = NO;
				GCC_NO_COMMON_BLOCKS = YES;
				GCC_OPTIMIZATION_LEVEL = 0;
				GCC_PREPROCESSOR_DEFINITIONS = (
					"DEBUG=1",
					"$(inherited)",
				);
				GCC_WARN_64_TO_32_BIT_CONVERSION = YES;
				GCC_WARN_ABOUT_RETURN_TYPE = YES_ERROR;
				GCC_WARN_UNDECLARED_SELECTOR = YES;
				GCC_WARN_UNINITIALIZED_AUTOS = YES_AGGRESSIVE;
				GCC_WARN_UNUSED_FUNCTION = YES;
				GCC_WARN_UNUSED_VARIABLE = YES;
				IPHONEOS_DEPLOYMENT_TARGET = 16.1;
				MTL_ENABLE_DEBUG_INFO = INCLUDE_SOURCE;
				MTL_FAST_MATH = YES;
				ONLY_ACTIVE_ARCH = YES;
				SDKROOT = iphoneos;
				SWIFT_ACTIVE_COMPILATION_CONDITIONS = DEBUG;
				SWIFT_OPTIMIZATION_LEVEL = "-Onone";
			};
			name = Debug;
		};
		9A58E5512B85CE1900338E0C /* Release */ = {
			isa = XCBuildConfiguration;
			buildSettings = {
				ALWAYS_SEARCH_USER_PATHS = NO;
				CLANG_ANALYZER_NONNULL = YES;
				CLANG_ANALYZER_NUMBER_OBJECT_CONVERSION = YES_AGGRESSIVE;
				CLANG_CXX_LANGUAGE_STANDARD = "gnu++20";
				CLANG_ENABLE_MODULES = YES;
				CLANG_ENABLE_OBJC_ARC = YES;
				CLANG_ENABLE_OBJC_WEAK = YES;
				CLANG_WARN_BLOCK_CAPTURE_AUTORELEASING = YES;
				CLANG_WARN_BOOL_CONVERSION = YES;
				CLANG_WARN_COMMA = YES;
				CLANG_WARN_CONSTANT_CONVERSION = YES;
				CLANG_WARN_DEPRECATED_OBJC_IMPLEMENTATIONS = YES;
				CLANG_WARN_DIRECT_OBJC_ISA_USAGE = YES_ERROR;
				CLANG_WARN_DOCUMENTATION_COMMENTS = YES;
				CLANG_WARN_EMPTY_BODY = YES;
				CLANG_WARN_ENUM_CONVERSION = YES;
				CLANG_WARN_INFINITE_RECURSION = YES;
				CLANG_WARN_INT_CONVERSION = YES;
				CLANG_WARN_NON_LITERAL_NULL_CONVERSION = YES;
				CLANG_WARN_OBJC_IMPLICIT_RETAIN_SELF = YES;
				CLANG_WARN_OBJC_LITERAL_CONVERSION = YES;
				CLANG_WARN_OBJC_ROOT_CLASS = YES_ERROR;
				CLANG_WARN_QUOTED_INCLUDE_IN_FRAMEWORK_HEADER = YES;
				CLANG_WARN_RANGE_LOOP_ANALYSIS = YES;
				CLANG_WARN_STRICT_PROTOTYPES = YES;
				CLANG_WARN_SUSPICIOUS_MOVE = YES;
				CLANG_WARN_UNGUARDED_AVAILABILITY = YES_AGGRESSIVE;
				CLANG_WARN_UNREACHABLE_CODE = YES;
				CLANG_WARN__DUPLICATE_METHOD_MATCH = YES;
				COPY_PHASE_STRIP = NO;
				DEBUG_INFORMATION_FORMAT = "dwarf-with-dsym";
				ENABLE_NS_ASSERTIONS = NO;
				ENABLE_STRICT_OBJC_MSGSEND = YES;
				GCC_C_LANGUAGE_STANDARD = gnu11;
				GCC_NO_COMMON_BLOCKS = YES;
				GCC_WARN_64_TO_32_BIT_CONVERSION = YES;
				GCC_WARN_ABOUT_RETURN_TYPE = YES_ERROR;
				GCC_WARN_UNDECLARED_SELECTOR = YES;
				GCC_WARN_UNINITIALIZED_AUTOS = YES_AGGRESSIVE;
				GCC_WARN_UNUSED_FUNCTION = YES;
				GCC_WARN_UNUSED_VARIABLE = YES;
				IPHONEOS_DEPLOYMENT_TARGET = 16.1;
				MTL_ENABLE_DEBUG_INFO = NO;
				MTL_FAST_MATH = YES;
				SDKROOT = iphoneos;
				SWIFT_COMPILATION_MODE = wholemodule;
				SWIFT_OPTIMIZATION_LEVEL = "-O";
				VALIDATE_PRODUCT = YES;
			};
			name = Release;
		};
		9A58E5532B85CE1900338E0C /* Debug */ = {
			isa = XCBuildConfiguration;
			buildSettings = {
				ASSETCATALOG_COMPILER_APPICON_NAME = AppIcon;
				ASSETCATALOG_COMPILER_GLOBAL_ACCENT_COLOR_NAME = AccentColor;
				CODE_SIGN_STYLE = Automatic;
				CURRENT_PROJECT_VERSION = 1;
				GENERATE_INFOPLIST_FILE = YES;
				INFOPLIST_FILE = SingletonAssignment/Info.plist;
				INFOPLIST_KEY_UIApplicationSupportsIndirectInputEvents = YES;
				INFOPLIST_KEY_UILaunchStoryboardName = LaunchScreen;
				INFOPLIST_KEY_UIMainStoryboardFile = Main;
				INFOPLIST_KEY_UISupportedInterfaceOrientations_iPad = "UIInterfaceOrientationPortrait UIInterfaceOrientationPortraitUpsideDown UIInterfaceOrientationLandscapeLeft UIInterfaceOrientationLandscapeRight";
				INFOPLIST_KEY_UISupportedInterfaceOrientations_iPhone = "UIInterfaceOrientationPortrait UIInterfaceOrientationLandscapeLeft UIInterfaceOrientationLandscapeRight";
				LD_RUNPATH_SEARCH_PATHS = (
					"$(inherited)",
					"@executable_path/Frameworks",
				);
				MARKETING_VERSION = 1.0;
				PRODUCT_BUNDLE_IDENTIFIER = Yash.SingletonAssignment;
				PRODUCT_NAME = "$(TARGET_NAME)";
				SWIFT_EMIT_LOC_STRINGS = YES;
				SWIFT_VERSION = 5.0;
				TARGETED_DEVICE_FAMILY = "1,2";
			};
			name = Debug;
		};
		9A58E5542B85CE1900338E0C /* Release */ = {
			isa = XCBuildConfiguration;
			buildSettings = {
				ASSETCATALOG_COMPILER_APPICON_NAME = AppIcon;
				ASSETCATALOG_COMPILER_GLOBAL_ACCENT_COLOR_NAME = AccentColor;
				CODE_SIGN_STYLE = Automatic;
				CURRENT_PROJECT_VERSION = 1;
				GENERATE_INFOPLIST_FILE = YES;
				INFOPLIST_FILE = SingletonAssignment/Info.plist;
				INFOPLIST_KEY_UIApplicationSupportsIndirectInputEvents = YES;
				INFOPLIST_KEY_UILaunchStoryboardName = LaunchScreen;
				INFOPLIST_KEY_UIMainStoryboardFile = Main;
				INFOPLIST_KEY_UISupportedInterfaceOrientations_iPad = "UIInterfaceOrientationPortrait UIInterfaceOrientationPortraitUpsideDown UIInterfaceOrientationLandscapeLeft UIInterfaceOrientationLandscapeRight";
				INFOPLIST_KEY_UISupportedInterfaceOrientations_iPhone = "UIInterfaceOrientationPortrait UIInterfaceOrientationLandscapeLeft UIInterfaceOrientationLandscapeRight";
				LD_RUNPATH_SEARCH_PATHS = (
					"$(inherited)",
					"@executable_path/Frameworks",
				);
				MARKETING_VERSION = 1.0;
				PRODUCT_BUNDLE_IDENTIFIER = Yash.SingletonAssignment;
				PRODUCT_NAME = "$(TARGET_NAME)";
				SWIFT_EMIT_LOC_STRINGS = YES;
				SWIFT_VERSION = 5.0;
				TARGETED_DEVICE_FAMILY = "1,2";
			};
			name = Release;
		};
		9A58E5562B85CE1900338E0C /* Debug */ = {
			isa = XCBuildConfiguration;
			buildSettings = {
				ALWAYS_EMBED_SWIFT_STANDARD_LIBRARIES = YES;
				BUNDLE_LOADER = "$(TEST_HOST)";
				CODE_SIGN_STYLE = Automatic;
				CURRENT_PROJECT_VERSION = 1;
				GENERATE_INFOPLIST_FILE = YES;
				IPHONEOS_DEPLOYMENT_TARGET = 16.1;
				MARKETING_VERSION = 1.0;
				PRODUCT_BUNDLE_IDENTIFIER = Yash.SingletonAssignmentTests;
				PRODUCT_NAME = "$(TARGET_NAME)";
				SWIFT_EMIT_LOC_STRINGS = NO;
				SWIFT_VERSION = 5.0;
				TARGETED_DEVICE_FAMILY = "1,2";
				TEST_HOST = "$(BUILT_PRODUCTS_DIR)/SingletonAssignment.app/$(BUNDLE_EXECUTABLE_FOLDER_PATH)/SingletonAssignment";
			};
			name = Debug;
		};
		9A58E5572B85CE1900338E0C /* Release */ = {
			isa = XCBuildConfiguration;
			buildSettings = {
				ALWAYS_EMBED_SWIFT_STANDARD_LIBRARIES = YES;
				BUNDLE_LOADER = "$(TEST_HOST)";
				CODE_SIGN_STYLE = Automatic;
				CURRENT_PROJECT_VERSION = 1;
				GENERATE_INFOPLIST_FILE = YES;
				IPHONEOS_DEPLOYMENT_TARGET = 16.1;
				MARKETING_VERSION = 1.0;
				PRODUCT_BUNDLE_IDENTIFIER = Yash.SingletonAssignmentTests;
				PRODUCT_NAME = "$(TARGET_NAME)";
				SWIFT_EMIT_LOC_STRINGS = NO;
				SWIFT_VERSION = 5.0;
				TARGETED_DEVICE_FAMILY = "1,2";
				TEST_HOST = "$(BUILT_PRODUCTS_DIR)/SingletonAssignment.app/$(BUNDLE_EXECUTABLE_FOLDER_PATH)/SingletonAssignment";
			};
			name = Release;
		};
		9A58E5592B85CE1900338E0C /* Debug */ = {
			isa = XCBuildConfiguration;
			buildSettings = {
				ALWAYS_EMBED_SWIFT_STANDARD_LIBRARIES = YES;
				CODE_SIGN_STYLE = Automatic;
				CURRENT_PROJECT_VERSION = 1;
				GENERATE_INFOPLIST_FILE = YES;
				MARKETING_VERSION = 1.0;
				PRODUCT_BUNDLE_IDENTIFIER = Yash.SingletonAssignmentUITests;
				PRODUCT_NAME = "$(TARGET_NAME)";
				SWIFT_EMIT_LOC_STRINGS = NO;
				SWIFT_VERSION = 5.0;
				TARGETED_DEVICE_FAMILY = "1,2";
				TEST_TARGET_NAME = SingletonAssignment;
			};
			name = Debug;
		};
		9A58E55A2B85CE1900338E0C /* Release */ = {
			isa = XCBuildConfiguration;
			buildSettings = {
				ALWAYS_EMBED_SWIFT_STANDARD_LIBRARIES = YES;
				CODE_SIGN_STYLE = Automatic;
				CURRENT_PROJECT_VERSION = 1;
				GENERATE_INFOPLIST_FILE = YES;
				MARKETING_VERSION = 1.0;
				PRODUCT_BUNDLE_IDENTIFIER = Yash.SingletonAssignmentUITests;
				PRODUCT_NAME = "$(TARGET_NAME)";
				SWIFT_EMIT_LOC_STRINGS = NO;
				SWIFT_VERSION = 5.0;
				TARGETED_DEVICE_FAMILY = "1,2";
				TEST_TARGET_NAME = SingletonAssignment;
			};
			name = Release;
		};
/* End XCBuildConfiguration section */

/* Begin XCConfigurationList section */
		9A58E5232B85CE1700338E0C /* Build configuration list for PBXProject "SingletonAssignment" */ = {
			isa = XCConfigurationList;
			buildConfigurations = (
				9A58E5502B85CE1900338E0C /* Debug */,
				9A58E5512B85CE1900338E0C /* Release */,
			);
			defaultConfigurationIsVisible = 0;
			defaultConfigurationName = Release;
		};
		9A58E5522B85CE1900338E0C /* Build configuration list for PBXNativeTarget "SingletonAssignment" */ = {
			isa = XCConfigurationList;
			buildConfigurations = (
				9A58E5532B85CE1900338E0C /* Debug */,
				9A58E5542B85CE1900338E0C /* Release */,
			);
			defaultConfigurationIsVisible = 0;
			defaultConfigurationName = Release;
		};
		9A58E5552B85CE1900338E0C /* Build configuration list for PBXNativeTarget "SingletonAssignmentTests" */ = {
			isa = XCConfigurationList;
			buildConfigurations = (
				9A58E5562B85CE1900338E0C /* Debug */,
				9A58E5572B85CE1900338E0C /* Release */,
			);
			defaultConfigurationIsVisible = 0;
			defaultConfigurationName = Release;
		};
		9A58E5582B85CE1900338E0C /* Build configuration list for PBXNativeTarget "SingletonAssignmentUITests" */ = {
			isa = XCConfigurationList;
			buildConfigurations = (
				9A58E5592B85CE1900338E0C /* Debug */,
				9A58E55A2B85CE1900338E0C /* Release */,
			);
			defaultConfigurationIsVisible = 0;
			defaultConfigurationName = Release;
		};
/* End XCConfigurationList section */
	};
	rootObject = 9A58E5202B85CE1700338E0C /* Project object */;
}
